// !$*UTF8*$!
{
	archiveVersion = 1;
	classes = {
	};
	objectVersion = 45;
	objects = {

/* Begin PBXBuildFile section */
		1DDD58160DA1D0A300B32029 /* MainMenu.xib in Resources */ = {isa = PBXBuildFile; fileRef = 1DDD58140DA1D0A300B32029 /* MainMenu.xib */; };
		256AC3DA0F4B6AC300CF3369 /* LyricFinderAppDelegate.m in Sources */ = {isa = PBXBuildFile; fileRef = 256AC3D90F4B6AC300CF3369 /* LyricFinderAppDelegate.m */; };
		4C0A53CC12FE435200318BBD /* Cocoa.framework in Frameworks */ = {isa = PBXBuildFile; fileRef = 4C0A53CB12FE435200318BBD /* Cocoa.framework */; };
		4C0A53D612FE435300318BBD /* InfoPlist.strings in Resources */ = {isa = PBXBuildFile; fileRef = 4C0A53D412FE435300318BBD /* InfoPlist.strings */; };
		4C0A53DC12FE435300318BBD /* Credits.rtf in Resources */ = {isa = PBXBuildFile; fileRef = 4C0A53DA12FE435300318BBD /* Credits.rtf */; };
		4C0A53DF12FE435300318BBD /* TestsAppDelegate.m in Sources */ = {isa = PBXBuildFile; fileRef = 4C0A53DE12FE435300318BBD /* TestsAppDelegate.m */; };
		4C0A53E212FE435300318BBD /* MainMenu.xib in Resources */ = {isa = PBXBuildFile; fileRef = 4C0A53E012FE435300318BBD /* MainMenu.xib */; };
		4C0A53E812FE43B100318BBD /* GHUnit.framework in Frameworks */ = {isa = PBXBuildFile; fileRef = 4C0A53E712FE43B100318BBD /* GHUnit.framework */; };
		4C0A53EF12FE440900318BBD /* GHUnitTestMain.m in Sources */ = {isa = PBXBuildFile; fileRef = 4C0A53ED12FE440900318BBD /* GHUnitTestMain.m */; };
		4C0A53F112FE448D00318BBD /* LyricRequest.m in Sources */ = {isa = PBXBuildFile; fileRef = 4C33E2AA12E3BBDF00EB2080 /* LyricRequest.m */; };
		4C0A53F212FE449000318BBD /* LyricDownloader.m in Sources */ = {isa = PBXBuildFile; fileRef = 4C5116B912F9177800B0F694 /* LyricDownloader.m */; };
		4C0A53F312FE459400318BBD /* ColorLog.m in Sources */ = {isa = PBXBuildFile; fileRef = 4C332AD212FA224E00651F67 /* ColorLog.m */; };
		4C0A53F412FE45F400318BBD /* RegexKitLite.m in Sources */ = {isa = PBXBuildFile; fileRef = 4C51169A12F916B400B0F694 /* RegexKitLite.m */; };
		4C0A53F512FE45F400318BBD /* CDataScanner_Extensions.m in Sources */ = {isa = PBXBuildFile; fileRef = 4C51166112F915C500B0F694 /* CDataScanner_Extensions.m */; };
		4C0A53F612FE45F400318BBD /* CDataScanner.m in Sources */ = {isa = PBXBuildFile; fileRef = 4C51166312F915C500B0F694 /* CDataScanner.m */; };
		4C0A53F712FE45F400318BBD /* CJSONDeserializer.m in Sources */ = {isa = PBXBuildFile; fileRef = 4C51166512F915C500B0F694 /* CJSONDeserializer.m */; };
		4C0A53F812FE45F400318BBD /* CJSONScanner.m in Sources */ = {isa = PBXBuildFile; fileRef = 4C51166712F915C500B0F694 /* CJSONScanner.m */; };
		4C0A53F912FE45F400318BBD /* CJSONSerializer.m in Sources */ = {isa = PBXBuildFile; fileRef = 4C51166912F915C500B0F694 /* CJSONSerializer.m */; };
		4C0A53FA12FE45F400318BBD /* NSDictionary_JSONExtensions.m in Sources */ = {isa = PBXBuildFile; fileRef = 4C51166B12F915C500B0F694 /* NSDictionary_JSONExtensions.m */; };
		4C0A53FB12FE460100318BBD /* HTMLNode.m in Sources */ = {isa = PBXBuildFile; fileRef = 4C51168E12F9160F00B0F694 /* HTMLNode.m */; };
		4C0A53FC12FE460100318BBD /* HTMLParser.m in Sources */ = {isa = PBXBuildFile; fileRef = 4C51169012F9160F00B0F694 /* HTMLParser.m */; };
		4C0A53FD12FE460100318BBD /* ASIDataCompressor.m in Sources */ = {isa = PBXBuildFile; fileRef = 4C51167412F915DD00B0F694 /* ASIDataCompressor.m */; };
		4C0A53FE12FE460100318BBD /* ASIDataDecompressor.m in Sources */ = {isa = PBXBuildFile; fileRef = 4C51167612F915DD00B0F694 /* ASIDataDecompressor.m */; };
		4C0A53FF12FE460100318BBD /* ASIDownloadCache.m in Sources */ = {isa = PBXBuildFile; fileRef = 4C51167812F915DD00B0F694 /* ASIDownloadCache.m */; };
		4C0A540012FE460100318BBD /* ASIFormDataRequest.m in Sources */ = {isa = PBXBuildFile; fileRef = 4C51167A12F915DD00B0F694 /* ASIFormDataRequest.m */; };
		4C0A540112FE460100318BBD /* ASIHTTPRequest.m in Sources */ = {isa = PBXBuildFile; fileRef = 4C51167C12F915DD00B0F694 /* ASIHTTPRequest.m */; };
		4C0A540212FE460100318BBD /* ASIInputStream.m in Sources */ = {isa = PBXBuildFile; fileRef = 4C51168012F915DD00B0F694 /* ASIInputStream.m */; };
		4C0A540312FE460100318BBD /* ASINetworkQueue.m in Sources */ = {isa = PBXBuildFile; fileRef = 4C51168212F915DD00B0F694 /* ASINetworkQueue.m */; };
		4C0A540412FE469100318BBD /* ScriptingBridge.framework in Frameworks */ = {isa = PBXBuildFile; fileRef = 4C0DD46A12E28120005670A2 /* ScriptingBridge.framework */; };
		4C0A540512FE469100318BBD /* Foundation.framework in Frameworks */ = {isa = PBXBuildFile; fileRef = 4C0DD46212E27997005670A2 /* Foundation.framework */; };
		4C0A540612FE469100318BBD /* AppKit.framework in Frameworks */ = {isa = PBXBuildFile; fileRef = 4C0DD46612E279AB005670A2 /* AppKit.framework */; };
		4C0A540712FE469100318BBD /* CoreServices.framework in Frameworks */ = {isa = PBXBuildFile; fileRef = 4C51169312F9168D00B0F694 /* CoreServices.framework */; };
		4C0A540812FE469100318BBD /* SystemConfiguration.framework in Frameworks */ = {isa = PBXBuildFile; fileRef = 4C5116B212F9173E00B0F694 /* SystemConfiguration.framework */; };
		4C0A540912FE469400318BBD /* Cocoa.framework in Frameworks */ = {isa = PBXBuildFile; fileRef = 4C13E86512FE0D3000EE41B5 /* Cocoa.framework */; };
		4C0A540A12FE469C00318BBD /* libxml2.2.dylib in Frameworks */ = {isa = PBXBuildFile; fileRef = 4C51169512F916A200B0F694 /* libxml2.2.dylib */; };
		4C0A540B12FE469C00318BBD /* libz.1.2.3.dylib in Frameworks */ = {isa = PBXBuildFile; fileRef = 4C51169712F916A200B0F694 /* libz.1.2.3.dylib */; };
		4C0DD46312E27997005670A2 /* Foundation.framework in Frameworks */ = {isa = PBXBuildFile; fileRef = 4C0DD46212E27997005670A2 /* Foundation.framework */; };
		4C0DD46712E279AB005670A2 /* AppKit.framework in Frameworks */ = {isa = PBXBuildFile; fileRef = 4C0DD46612E279AB005670A2 /* AppKit.framework */; };
		4C0DD46B12E28120005670A2 /* ScriptingBridge.framework in Frameworks */ = {isa = PBXBuildFile; fileRef = 4C0DD46A12E28120005670A2 /* ScriptingBridge.framework */; };
		4C0DD48712E28183005670A2 /* Controller.m in Sources */ = {isa = PBXBuildFile; fileRef = 4C0DD48612E28183005670A2 /* Controller.m */; };
		4C332AD412FA224E00651F67 /* ColorLog.m in Sources */ = {isa = PBXBuildFile; fileRef = 4C332AD212FA224E00651F67 /* ColorLog.m */; };
		4C334D6C12FE4A3200AB2089 /* Tests.m in Sources */ = {isa = PBXBuildFile; fileRef = 4C5EE7A012FE1DE1005B33B3 /* Tests.m */; };
		4C334D7312FE51FE00AB2089 /* LyricWiki.m in Sources */ = {isa = PBXBuildFile; fileRef = 4C334D7212FE51FE00AB2089 /* LyricWiki.m */; };
		4C334D7412FE51FE00AB2089 /* LyricWiki.m in Sources */ = {isa = PBXBuildFile; fileRef = 4C334D7212FE51FE00AB2089 /* LyricWiki.m */; };
		4C33E2AB12E3BBDF00EB2080 /* LyricRequest.m in Sources */ = {isa = PBXBuildFile; fileRef = 4C33E2AA12E3BBDF00EB2080 /* LyricRequest.m */; };
		4C33E44E12E4A0DB00EB2080 /* background.png in Resources */ = {isa = PBXBuildFile; fileRef = 4C33E44D12E4A0DB00EB2080 /* background.png */; };
		4C33E47912E4A5D600EB2080 /* Icon.icns in Resources */ = {isa = PBXBuildFile; fileRef = 4C33E47812E4A5D600EB2080 /* Icon.icns */; };
		4C49EFC512FE7B4C008DB421 /* HindiLyrix.m in Sources */ = {isa = PBXBuildFile; fileRef = 4C49EFC412FE7B4C008DB421 /* HindiLyrix.m */; };
		4C49EFC612FE7B55008DB421 /* HindiLyrix.m in Sources */ = {isa = PBXBuildFile; fileRef = 4C49EFC412FE7B4C008DB421 /* HindiLyrix.m */; };
		4C51166C12F915C500B0F694 /* CDataScanner_Extensions.m in Sources */ = {isa = PBXBuildFile; fileRef = 4C51166112F915C500B0F694 /* CDataScanner_Extensions.m */; };
		4C51166D12F915C500B0F694 /* CDataScanner.m in Sources */ = {isa = PBXBuildFile; fileRef = 4C51166312F915C500B0F694 /* CDataScanner.m */; };
		4C51166E12F915C500B0F694 /* CJSONDeserializer.m in Sources */ = {isa = PBXBuildFile; fileRef = 4C51166512F915C500B0F694 /* CJSONDeserializer.m */; };
		4C51166F12F915C500B0F694 /* CJSONScanner.m in Sources */ = {isa = PBXBuildFile; fileRef = 4C51166712F915C500B0F694 /* CJSONScanner.m */; };
		4C51167012F915C500B0F694 /* CJSONSerializer.m in Sources */ = {isa = PBXBuildFile; fileRef = 4C51166912F915C500B0F694 /* CJSONSerializer.m */; };
		4C51167112F915C500B0F694 /* NSDictionary_JSONExtensions.m in Sources */ = {isa = PBXBuildFile; fileRef = 4C51166B12F915C500B0F694 /* NSDictionary_JSONExtensions.m */; };
		4C51168412F915DD00B0F694 /* ASIDataCompressor.m in Sources */ = {isa = PBXBuildFile; fileRef = 4C51167412F915DD00B0F694 /* ASIDataCompressor.m */; };
		4C51168512F915DD00B0F694 /* ASIDataDecompressor.m in Sources */ = {isa = PBXBuildFile; fileRef = 4C51167612F915DD00B0F694 /* ASIDataDecompressor.m */; };
		4C51168612F915DD00B0F694 /* ASIDownloadCache.m in Sources */ = {isa = PBXBuildFile; fileRef = 4C51167812F915DD00B0F694 /* ASIDownloadCache.m */; };
		4C51168712F915DD00B0F694 /* ASIFormDataRequest.m in Sources */ = {isa = PBXBuildFile; fileRef = 4C51167A12F915DD00B0F694 /* ASIFormDataRequest.m */; };
		4C51168812F915DD00B0F694 /* ASIHTTPRequest.m in Sources */ = {isa = PBXBuildFile; fileRef = 4C51167C12F915DD00B0F694 /* ASIHTTPRequest.m */; };
		4C51168912F915DD00B0F694 /* ASIInputStream.m in Sources */ = {isa = PBXBuildFile; fileRef = 4C51168012F915DD00B0F694 /* ASIInputStream.m */; };
		4C51168A12F915DD00B0F694 /* ASINetworkQueue.m in Sources */ = {isa = PBXBuildFile; fileRef = 4C51168212F915DD00B0F694 /* ASINetworkQueue.m */; };
		4C51169112F9160F00B0F694 /* HTMLNode.m in Sources */ = {isa = PBXBuildFile; fileRef = 4C51168E12F9160F00B0F694 /* HTMLNode.m */; };
		4C51169212F9160F00B0F694 /* HTMLParser.m in Sources */ = {isa = PBXBuildFile; fileRef = 4C51169012F9160F00B0F694 /* HTMLParser.m */; };
		4C51169412F9168D00B0F694 /* CoreServices.framework in Frameworks */ = {isa = PBXBuildFile; fileRef = 4C51169312F9168D00B0F694 /* CoreServices.framework */; };
		4C51169612F916A200B0F694 /* libxml2.2.dylib in Frameworks */ = {isa = PBXBuildFile; fileRef = 4C51169512F916A200B0F694 /* libxml2.2.dylib */; };
		4C51169812F916A200B0F694 /* libz.1.2.3.dylib in Frameworks */ = {isa = PBXBuildFile; fileRef = 4C51169712F916A200B0F694 /* libz.1.2.3.dylib */; };
		4C51169B12F916B400B0F694 /* RegexKitLite.m in Sources */ = {isa = PBXBuildFile; fileRef = 4C51169A12F916B400B0F694 /* RegexKitLite.m */; };
		4C5116B312F9173E00B0F694 /* SystemConfiguration.framework in Frameworks */ = {isa = PBXBuildFile; fileRef = 4C5116B212F9173E00B0F694 /* SystemConfiguration.framework */; };
		4C5116BA12F9177800B0F694 /* LyricDownloader.m in Sources */ = {isa = PBXBuildFile; fileRef = 4C5116B912F9177800B0F694 /* LyricDownloader.m */; };
		4C8852EA12FE5827002B6586 /* NSString+LyricFinder.m in Sources */ = {isa = PBXBuildFile; fileRef = 4CE1AED312FB774200B742D5 /* NSString+LyricFinder.m */; };
		4C8852ED12FE621D002B6586 /* LyricsDotCom.m in Sources */ = {isa = PBXBuildFile; fileRef = 4C8852EC12FE621C002B6586 /* LyricsDotCom.m */; };
		4C8852EE12FE621D002B6586 /* LyricsDotCom.m in Sources */ = {isa = PBXBuildFile; fileRef = 4C8852EC12FE621C002B6586 /* LyricsDotCom.m */; };
		4C8852F112FE6562002B6586 /* HeuristicScraper.m in Sources */ = {isa = PBXBuildFile; fileRef = 4C8852F012FE655E002B6586 /* HeuristicScraper.m */; };
		4C8852F212FE6562002B6586 /* HeuristicScraper.m in Sources */ = {isa = PBXBuildFile; fileRef = 4C8852F012FE655E002B6586 /* HeuristicScraper.m */; };
		4CA670AC12FF435700331383 /* RatingRequest.png in Resources */ = {isa = PBXBuildFile; fileRef = 4CA670AB12FF435700331383 /* RatingRequest.png */; };
		4CD43A9A12FE691300C7DF0C /* Bing.m in Sources */ = {isa = PBXBuildFile; fileRef = 4CD43A9912FE691300C7DF0C /* Bing.m */; };
		4CD43A9B12FE691300C7DF0C /* Bing.m in Sources */ = {isa = PBXBuildFile; fileRef = 4CD43A9912FE691300C7DF0C /* Bing.m */; };
		4CE1AE8A12FB67BA00B742D5 /* start.png in Resources */ = {isa = PBXBuildFile; fileRef = 4CE1AE8712FB67BA00B742D5 /* start.png */; };
		4CE1AE8B12FB67BA00B742D5 /* start_pressed.png in Resources */ = {isa = PBXBuildFile; fileRef = 4CE1AE8812FB67BA00B742D5 /* start_pressed.png */; };
		4CE1AE8C12FB67BA00B742D5 /* start_hover.png in Resources */ = {isa = PBXBuildFile; fileRef = 4CE1AE8912FB67BA00B742D5 /* start_hover.png */; };
		4CE1AED412FB774200B742D5 /* NSString+LyricFinder.m in Sources */ = {isa = PBXBuildFile; fileRef = 4CE1AED312FB774200B742D5 /* NSString+LyricFinder.m */; };
		4CE3B86D12FF06B9009383A0 /* LyricsMode.m in Sources */ = {isa = PBXBuildFile; fileRef = 4CE3B86C12FF06B9009383A0 /* LyricsMode.m */; };
		4CE3B86E12FF0959009383A0 /* LyricsMode.m in Sources */ = {isa = PBXBuildFile; fileRef = 4CE3B86C12FF06B9009383A0 /* LyricsMode.m */; };
		8D11072B0486CEB800E47090 /* InfoPlist.strings in Resources */ = {isa = PBXBuildFile; fileRef = 089C165CFE840E0CC02AAC07 /* InfoPlist.strings */; };
		8D11072D0486CEB800E47090 /* main.m in Sources */ = {isa = PBXBuildFile; fileRef = 29B97316FDCFA39411CA2CEA /* main.m */; settings = {ATTRIBUTES = (); }; };
/* End PBXBuildFile section */

/* Begin PBXContainerItemProxy section */
		4C0A53E912FE43BB00318BBD /* PBXContainerItemProxy */ = {
			isa = PBXContainerItemProxy;
			containerPortal = 29B97313FDCFA39411CA2CEA /* Project object */;
			proxyType = 1;
			remoteGlobalIDString = 8D1107260486CEB800E47090;
			remoteInfo = "Lyric Finder";
		};
/* End PBXContainerItemProxy section */

/* Begin PBXFileReference section */
		089C165DFE840E0CC02AAC07 /* English */ = {isa = PBXFileReference; fileEncoding = 4; lastKnownFileType = text.plist.strings; name = English; path = English.lproj/InfoPlist.strings; sourceTree = "<group>"; };
		1DDD58150DA1D0A300B32029 /* English */ = {isa = PBXFileReference; lastKnownFileType = file.xib; name = English; path = English.lproj/MainMenu.xib; sourceTree = "<group>"; };
		256AC3D80F4B6AC300CF3369 /* LyricFinderAppDelegate.h */ = {isa = PBXFileReference; fileEncoding = 4; lastKnownFileType = sourcecode.c.h; path = LyricFinderAppDelegate.h; sourceTree = "<group>"; };
		256AC3D90F4B6AC300CF3369 /* LyricFinderAppDelegate.m */ = {isa = PBXFileReference; fileEncoding = 4; lastKnownFileType = sourcecode.c.objc; path = LyricFinderAppDelegate.m; sourceTree = "<group>"; };
		256AC3F00F4B6AF500CF3369 /* Lyric Finder_Prefix.pch */ = {isa = PBXFileReference; fileEncoding = 4; lastKnownFileType = sourcecode.c.h; path = "Lyric Finder_Prefix.pch"; sourceTree = "<group>"; };
		29B97316FDCFA39411CA2CEA /* main.m */ = {isa = PBXFileReference; fileEncoding = 4; lastKnownFileType = sourcecode.c.objc; path = main.m; sourceTree = "<group>"; };
		4C0A53C812FE435200318BBD /* Tests.app */ = {isa = PBXFileReference; explicitFileType = wrapper.application; includeInIndex = 0; path = Tests.app; sourceTree = BUILT_PRODUCTS_DIR; };
		4C0A53CB12FE435200318BBD /* Cocoa.framework */ = {isa = PBXFileReference; lastKnownFileType = wrapper.framework; name = Cocoa.framework; path = System/Library/Frameworks/Cocoa.framework; sourceTree = SDKROOT; };
		4C0A53CE12FE435200318BBD /* AppKit.framework */ = {isa = PBXFileReference; lastKnownFileType = wrapper.framework; name = AppKit.framework; path = System/Library/Frameworks/AppKit.framework; sourceTree = SDKROOT; };
		4C0A53CF12FE435200318BBD /* CoreData.framework */ = {isa = PBXFileReference; lastKnownFileType = wrapper.framework; name = CoreData.framework; path = System/Library/Frameworks/CoreData.framework; sourceTree = SDKROOT; };
		4C0A53D012FE435200318BBD /* Foundation.framework */ = {isa = PBXFileReference; lastKnownFileType = wrapper.framework; name = Foundation.framework; path = System/Library/Frameworks/Foundation.framework; sourceTree = SDKROOT; };
		4C0A53D312FE435300318BBD /* Tests-Info.plist */ = {isa = PBXFileReference; lastKnownFileType = text.plist.xml; path = "Tests-Info.plist"; sourceTree = "<group>"; };
		4C0A53D512FE435300318BBD /* en */ = {isa = PBXFileReference; lastKnownFileType = text.plist.strings; name = en; path = en.lproj/InfoPlist.strings; sourceTree = "<group>"; };
		4C0A53D712FE435300318BBD /* Tests-Prefix.pch */ = {isa = PBXFileReference; lastKnownFileType = sourcecode.c.h; path = "Tests-Prefix.pch"; sourceTree = "<group>"; };
		4C0A53DB12FE435300318BBD /* en */ = {isa = PBXFileReference; lastKnownFileType = text.rtf; name = en; path = en.lproj/Credits.rtf; sourceTree = "<group>"; };
		4C0A53DD12FE435300318BBD /* TestsAppDelegate.h */ = {isa = PBXFileReference; lastKnownFileType = sourcecode.c.h; path = TestsAppDelegate.h; sourceTree = "<group>"; };
		4C0A53DE12FE435300318BBD /* TestsAppDelegate.m */ = {isa = PBXFileReference; lastKnownFileType = sourcecode.c.objc; path = TestsAppDelegate.m; sourceTree = "<group>"; };
		4C0A53E112FE435300318BBD /* en */ = {isa = PBXFileReference; lastKnownFileType = file.xib; name = en; path = en.lproj/MainMenu.xib; sourceTree = "<group>"; };
		4C0A53E712FE43B100318BBD /* GHUnit.framework */ = {isa = PBXFileReference; lastKnownFileType = wrapper.framework; name = GHUnit.framework; path = Library/Frameworks/GHUnit.framework; sourceTree = SDKROOT; };
		4C0A53ED12FE440900318BBD /* GHUnitTestMain.m */ = {isa = PBXFileReference; fileEncoding = 4; lastKnownFileType = sourcecode.c.objc; name = GHUnitTestMain.m; path = ../GHUnitTestMain.m; sourceTree = "<group>"; };
		4C0DD46112E27973005670A2 /* iTunes.h */ = {isa = PBXFileReference; fileEncoding = 4; lastKnownFileType = sourcecode.c.h; path = iTunes.h; sourceTree = "<group>"; };
		4C0DD46212E27997005670A2 /* Foundation.framework */ = {isa = PBXFileReference; lastKnownFileType = wrapper.framework; name = Foundation.framework; path = System/Library/Frameworks/Foundation.framework; sourceTree = SDKROOT; };
		4C0DD46612E279AB005670A2 /* AppKit.framework */ = {isa = PBXFileReference; lastKnownFileType = wrapper.framework; name = AppKit.framework; path = System/Library/Frameworks/AppKit.framework; sourceTree = SDKROOT; };
		4C0DD46A12E28120005670A2 /* ScriptingBridge.framework */ = {isa = PBXFileReference; lastKnownFileType = wrapper.framework; name = ScriptingBridge.framework; path = System/Library/Frameworks/ScriptingBridge.framework; sourceTree = SDKROOT; };
		4C0DD48512E28183005670A2 /* Controller.h */ = {isa = PBXFileReference; fileEncoding = 4; lastKnownFileType = sourcecode.c.h; path = Controller.h; sourceTree = "<group>"; };
		4C0DD48612E28183005670A2 /* Controller.m */ = {isa = PBXFileReference; fileEncoding = 4; lastKnownFileType = sourcecode.c.objc; path = Controller.m; sourceTree = "<group>"; };
		4C13E86512FE0D3000EE41B5 /* Cocoa.framework */ = {isa = PBXFileReference; lastKnownFileType = wrapper.framework; name = Cocoa.framework; path = System/Library/Frameworks/Cocoa.framework; sourceTree = SDKROOT; };
		4C332AD212FA224E00651F67 /* ColorLog.m */ = {isa = PBXFileReference; fileEncoding = 4; lastKnownFileType = sourcecode.c.objc; path = ColorLog.m; sourceTree = "<group>"; };
		4C332AD312FA224E00651F67 /* ColorLog.h */ = {isa = PBXFileReference; fileEncoding = 4; lastKnownFileType = sourcecode.c.h; path = ColorLog.h; sourceTree = "<group>"; };
		4C334D7112FE51FE00AB2089 /* LyricWiki.h */ = {isa = PBXFileReference; fileEncoding = 4; lastKnownFileType = sourcecode.c.h; path = LyricWiki.h; sourceTree = "<group>"; };
		4C334D7212FE51FE00AB2089 /* LyricWiki.m */ = {isa = PBXFileReference; fileEncoding = 4; lastKnownFileType = sourcecode.c.objc; path = LyricWiki.m; sourceTree = "<group>"; };
		4C334D7512FE521000AB2089 /* LyricSite.h */ = {isa = PBXFileReference; fileEncoding = 4; lastKnownFileType = sourcecode.c.h; path = LyricSite.h; sourceTree = "<group>"; };
		4C33E2A912E3BBDF00EB2080 /* LyricRequest.h */ = {isa = PBXFileReference; fileEncoding = 4; lastKnownFileType = sourcecode.c.h; path = LyricRequest.h; sourceTree = "<group>"; };
		4C33E2AA12E3BBDF00EB2080 /* LyricRequest.m */ = {isa = PBXFileReference; fileEncoding = 4; lastKnownFileType = sourcecode.c.objc; path = LyricRequest.m; sourceTree = "<group>"; };
		4C33E44D12E4A0DB00EB2080 /* background.png */ = {isa = PBXFileReference; lastKnownFileType = image.png; path = background.png; sourceTree = "<group>"; };
		4C33E47812E4A5D600EB2080 /* Icon.icns */ = {isa = PBXFileReference; lastKnownFileType = image.icns; path = Icon.icns; sourceTree = "<group>"; };
		4C49EFC312FE7B4C008DB421 /* HindiLyrix.h */ = {isa = PBXFileReference; fileEncoding = 4; lastKnownFileType = sourcecode.c.h; path = HindiLyrix.h; sourceTree = "<group>"; };
		4C49EFC412FE7B4C008DB421 /* HindiLyrix.m */ = {isa = PBXFileReference; fileEncoding = 4; lastKnownFileType = sourcecode.c.objc; path = HindiLyrix.m; sourceTree = "<group>"; };
		4C51166012F915C500B0F694 /* CDataScanner_Extensions.h */ = {isa = PBXFileReference; fileEncoding = 4; lastKnownFileType = sourcecode.c.h; path = CDataScanner_Extensions.h; sourceTree = "<group>"; };
		4C51166112F915C500B0F694 /* CDataScanner_Extensions.m */ = {isa = PBXFileReference; fileEncoding = 4; lastKnownFileType = sourcecode.c.objc; path = CDataScanner_Extensions.m; sourceTree = "<group>"; };
		4C51166212F915C500B0F694 /* CDataScanner.h */ = {isa = PBXFileReference; fileEncoding = 4; lastKnownFileType = sourcecode.c.h; path = CDataScanner.h; sourceTree = "<group>"; };
		4C51166312F915C500B0F694 /* CDataScanner.m */ = {isa = PBXFileReference; fileEncoding = 4; lastKnownFileType = sourcecode.c.objc; path = CDataScanner.m; sourceTree = "<group>"; };
		4C51166412F915C500B0F694 /* CJSONDeserializer.h */ = {isa = PBXFileReference; fileEncoding = 4; lastKnownFileType = sourcecode.c.h; path = CJSONDeserializer.h; sourceTree = "<group>"; };
		4C51166512F915C500B0F694 /* CJSONDeserializer.m */ = {isa = PBXFileReference; fileEncoding = 4; lastKnownFileType = sourcecode.c.objc; path = CJSONDeserializer.m; sourceTree = "<group>"; };
		4C51166612F915C500B0F694 /* CJSONScanner.h */ = {isa = PBXFileReference; fileEncoding = 4; lastKnownFileType = sourcecode.c.h; path = CJSONScanner.h; sourceTree = "<group>"; };
		4C51166712F915C500B0F694 /* CJSONScanner.m */ = {isa = PBXFileReference; fileEncoding = 4; lastKnownFileType = sourcecode.c.objc; path = CJSONScanner.m; sourceTree = "<group>"; };
		4C51166812F915C500B0F694 /* CJSONSerializer.h */ = {isa = PBXFileReference; fileEncoding = 4; lastKnownFileType = sourcecode.c.h; path = CJSONSerializer.h; sourceTree = "<group>"; };
		4C51166912F915C500B0F694 /* CJSONSerializer.m */ = {isa = PBXFileReference; fileEncoding = 4; lastKnownFileType = sourcecode.c.objc; path = CJSONSerializer.m; sourceTree = "<group>"; };
		4C51166A12F915C500B0F694 /* NSDictionary_JSONExtensions.h */ = {isa = PBXFileReference; fileEncoding = 4; lastKnownFileType = sourcecode.c.h; path = NSDictionary_JSONExtensions.h; sourceTree = "<group>"; };
		4C51166B12F915C500B0F694 /* NSDictionary_JSONExtensions.m */ = {isa = PBXFileReference; fileEncoding = 4; lastKnownFileType = sourcecode.c.objc; path = NSDictionary_JSONExtensions.m; sourceTree = "<group>"; };
		4C51167212F915DD00B0F694 /* ASICacheDelegate.h */ = {isa = PBXFileReference; fileEncoding = 4; lastKnownFileType = sourcecode.c.h; path = ASICacheDelegate.h; sourceTree = "<group>"; };
		4C51167312F915DD00B0F694 /* ASIDataCompressor.h */ = {isa = PBXFileReference; fileEncoding = 4; lastKnownFileType = sourcecode.c.h; path = ASIDataCompressor.h; sourceTree = "<group>"; };
		4C51167412F915DD00B0F694 /* ASIDataCompressor.m */ = {isa = PBXFileReference; fileEncoding = 4; lastKnownFileType = sourcecode.c.objc; path = ASIDataCompressor.m; sourceTree = "<group>"; };
		4C51167512F915DD00B0F694 /* ASIDataDecompressor.h */ = {isa = PBXFileReference; fileEncoding = 4; lastKnownFileType = sourcecode.c.h; path = ASIDataDecompressor.h; sourceTree = "<group>"; };
		4C51167612F915DD00B0F694 /* ASIDataDecompressor.m */ = {isa = PBXFileReference; fileEncoding = 4; lastKnownFileType = sourcecode.c.objc; path = ASIDataDecompressor.m; sourceTree = "<group>"; };
		4C51167712F915DD00B0F694 /* ASIDownloadCache.h */ = {isa = PBXFileReference; fileEncoding = 4; lastKnownFileType = sourcecode.c.h; path = ASIDownloadCache.h; sourceTree = "<group>"; };
		4C51167812F915DD00B0F694 /* ASIDownloadCache.m */ = {isa = PBXFileReference; fileEncoding = 4; lastKnownFileType = sourcecode.c.objc; path = ASIDownloadCache.m; sourceTree = "<group>"; };
		4C51167912F915DD00B0F694 /* ASIFormDataRequest.h */ = {isa = PBXFileReference; fileEncoding = 4; lastKnownFileType = sourcecode.c.h; path = ASIFormDataRequest.h; sourceTree = "<group>"; };
		4C51167A12F915DD00B0F694 /* ASIFormDataRequest.m */ = {isa = PBXFileReference; fileEncoding = 4; lastKnownFileType = sourcecode.c.objc; path = ASIFormDataRequest.m; sourceTree = "<group>"; };
		4C51167B12F915DD00B0F694 /* ASIHTTPRequest.h */ = {isa = PBXFileReference; fileEncoding = 4; lastKnownFileType = sourcecode.c.h; path = ASIHTTPRequest.h; sourceTree = "<group>"; };
		4C51167C12F915DD00B0F694 /* ASIHTTPRequest.m */ = {isa = PBXFileReference; fileEncoding = 4; lastKnownFileType = sourcecode.c.objc; path = ASIHTTPRequest.m; sourceTree = "<group>"; };
		4C51167D12F915DD00B0F694 /* ASIHTTPRequestConfig.h */ = {isa = PBXFileReference; fileEncoding = 4; lastKnownFileType = sourcecode.c.h; path = ASIHTTPRequestConfig.h; sourceTree = "<group>"; };
		4C51167E12F915DD00B0F694 /* ASIHTTPRequestDelegate.h */ = {isa = PBXFileReference; fileEncoding = 4; lastKnownFileType = sourcecode.c.h; path = ASIHTTPRequestDelegate.h; sourceTree = "<group>"; };
		4C51167F12F915DD00B0F694 /* ASIInputStream.h */ = {isa = PBXFileReference; fileEncoding = 4; lastKnownFileType = sourcecode.c.h; path = ASIInputStream.h; sourceTree = "<group>"; };
		4C51168012F915DD00B0F694 /* ASIInputStream.m */ = {isa = PBXFileReference; fileEncoding = 4; lastKnownFileType = sourcecode.c.objc; path = ASIInputStream.m; sourceTree = "<group>"; };
		4C51168112F915DD00B0F694 /* ASINetworkQueue.h */ = {isa = PBXFileReference; fileEncoding = 4; lastKnownFileType = sourcecode.c.h; path = ASINetworkQueue.h; sourceTree = "<group>"; };
		4C51168212F915DD00B0F694 /* ASINetworkQueue.m */ = {isa = PBXFileReference; fileEncoding = 4; lastKnownFileType = sourcecode.c.objc; path = ASINetworkQueue.m; sourceTree = "<group>"; };
		4C51168312F915DD00B0F694 /* ASIProgressDelegate.h */ = {isa = PBXFileReference; fileEncoding = 4; lastKnownFileType = sourcecode.c.h; path = ASIProgressDelegate.h; sourceTree = "<group>"; };
		4C51168C12F9160500B0F694 /* JSONRepresentation.h */ = {isa = PBXFileReference; fileEncoding = 4; lastKnownFileType = sourcecode.c.h; path = JSONRepresentation.h; sourceTree = "<group>"; };
		4C51168D12F9160F00B0F694 /* HTMLNode.h */ = {isa = PBXFileReference; fileEncoding = 4; lastKnownFileType = sourcecode.c.h; path = HTMLNode.h; sourceTree = "<group>"; };
		4C51168E12F9160F00B0F694 /* HTMLNode.m */ = {isa = PBXFileReference; fileEncoding = 4; lastKnownFileType = sourcecode.c.objc; path = HTMLNode.m; sourceTree = "<group>"; };
		4C51168F12F9160F00B0F694 /* HTMLParser.h */ = {isa = PBXFileReference; fileEncoding = 4; lastKnownFileType = sourcecode.c.h; path = HTMLParser.h; sourceTree = "<group>"; };
		4C51169012F9160F00B0F694 /* HTMLParser.m */ = {isa = PBXFileReference; fileEncoding = 4; lastKnownFileType = sourcecode.c.objc; path = HTMLParser.m; sourceTree = "<group>"; };
		4C51169312F9168D00B0F694 /* CoreServices.framework */ = {isa = PBXFileReference; lastKnownFileType = wrapper.framework; name = CoreServices.framework; path = System/Library/Frameworks/CoreServices.framework; sourceTree = SDKROOT; };
		4C51169512F916A200B0F694 /* libxml2.2.dylib */ = {isa = PBXFileReference; lastKnownFileType = "compiled.mach-o.dylib"; name = libxml2.2.dylib; path = usr/lib/libxml2.2.dylib; sourceTree = SDKROOT; };
		4C51169712F916A200B0F694 /* libz.1.2.3.dylib */ = {isa = PBXFileReference; lastKnownFileType = "compiled.mach-o.dylib"; name = libz.1.2.3.dylib; path = usr/lib/libz.1.2.3.dylib; sourceTree = SDKROOT; };
		4C51169912F916B400B0F694 /* RegexKitLite.h */ = {isa = PBXFileReference; fileEncoding = 4; lastKnownFileType = sourcecode.c.h; path = RegexKitLite.h; sourceTree = "<group>"; };
		4C51169A12F916B400B0F694 /* RegexKitLite.m */ = {isa = PBXFileReference; fileEncoding = 4; lastKnownFileType = sourcecode.c.objc; path = RegexKitLite.m; sourceTree = "<group>"; };
		4C5116B212F9173E00B0F694 /* SystemConfiguration.framework */ = {isa = PBXFileReference; lastKnownFileType = wrapper.framework; name = SystemConfiguration.framework; path = System/Library/Frameworks/SystemConfiguration.framework; sourceTree = SDKROOT; };
		4C5116B812F9177800B0F694 /* LyricDownloader.h */ = {isa = PBXFileReference; fileEncoding = 4; lastKnownFileType = sourcecode.c.h; path = LyricDownloader.h; sourceTree = "<group>"; };
		4C5116B912F9177800B0F694 /* LyricDownloader.m */ = {isa = PBXFileReference; fileEncoding = 4; lastKnownFileType = sourcecode.c.objc; path = LyricDownloader.m; sourceTree = "<group>"; };
		4C5EE79E12FE1DE1005B33B3 /* Tests.h */ = {isa = PBXFileReference; lastKnownFileType = sourcecode.c.h; path = Tests.h; sourceTree = "<group>"; };
		4C5EE7A012FE1DE1005B33B3 /* Tests.m */ = {isa = PBXFileReference; lastKnownFileType = sourcecode.c.objc; path = Tests.m; sourceTree = "<group>"; };
		4C8852EB12FE621C002B6586 /* LyricsDotCom.h */ = {isa = PBXFileReference; fileEncoding = 4; lastKnownFileType = sourcecode.c.h; path = LyricsDotCom.h; sourceTree = "<group>"; };
		4C8852EC12FE621C002B6586 /* LyricsDotCom.m */ = {isa = PBXFileReference; fileEncoding = 4; lastKnownFileType = sourcecode.c.objc; path = LyricsDotCom.m; sourceTree = "<group>"; };
		4C8852EF12FE655C002B6586 /* HeuristicScraper.h */ = {isa = PBXFileReference; fileEncoding = 4; lastKnownFileType = sourcecode.c.h; path = HeuristicScraper.h; sourceTree = "<group>"; };
		4C8852F012FE655E002B6586 /* HeuristicScraper.m */ = {isa = PBXFileReference; fileEncoding = 4; lastKnownFileType = sourcecode.c.objc; path = HeuristicScraper.m; sourceTree = "<group>"; };
		4CA670AB12FF435700331383 /* RatingRequest.png */ = {isa = PBXFileReference; lastKnownFileType = image.png; path = RatingRequest.png; sourceTree = "<group>"; };
		4CD43A9812FE691200C7DF0C /* Bing.h */ = {isa = PBXFileReference; fileEncoding = 4; lastKnownFileType = sourcecode.c.h; path = Bing.h; sourceTree = "<group>"; };
		4CD43A9912FE691300C7DF0C /* Bing.m */ = {isa = PBXFileReference; fileEncoding = 4; lastKnownFileType = sourcecode.c.objc; path = Bing.m; sourceTree = "<group>"; };
		4CE1AE8712FB67BA00B742D5 /* start.png */ = {isa = PBXFileReference; lastKnownFileType = image.png; path = start.png; sourceTree = "<group>"; };
		4CE1AE8812FB67BA00B742D5 /* start_pressed.png */ = {isa = PBXFileReference; lastKnownFileType = image.png; path = start_pressed.png; sourceTree = "<group>"; };
		4CE1AE8912FB67BA00B742D5 /* start_hover.png */ = {isa = PBXFileReference; lastKnownFileType = image.png; path = start_hover.png; sourceTree = "<group>"; };
		4CE1AED212FB774200B742D5 /* NSString+LyricFinder.h */ = {isa = PBXFileReference; fileEncoding = 4; lastKnownFileType = sourcecode.c.h; path = "NSString+LyricFinder.h"; sourceTree = "<group>"; };
		4CE1AED312FB774200B742D5 /* NSString+LyricFinder.m */ = {isa = PBXFileReference; fileEncoding = 4; lastKnownFileType = sourcecode.c.objc; path = "NSString+LyricFinder.m"; sourceTree = "<group>"; };
		4CE3B86B12FF06B9009383A0 /* LyricsMode.h */ = {isa = PBXFileReference; fileEncoding = 4; lastKnownFileType = sourcecode.c.h; path = LyricsMode.h; sourceTree = "<group>"; };
		4CE3B86C12FF06B9009383A0 /* LyricsMode.m */ = {isa = PBXFileReference; fileEncoding = 4; lastKnownFileType = sourcecode.c.objc; path = LyricsMode.m; sourceTree = "<group>"; };
		8D1107310486CEB800E47090 /* Lyric Finder-Info.plist */ = {isa = PBXFileReference; fileEncoding = 4; lastKnownFileType = text.plist.xml; path = "Lyric Finder-Info.plist"; sourceTree = "<group>"; };
		8D1107320486CEB800E47090 /* Lyric Finder.app */ = {isa = PBXFileReference; explicitFileType = wrapper.application; includeInIndex = 0; path = "Lyric Finder.app"; sourceTree = BUILT_PRODUCTS_DIR; };
/* End PBXFileReference section */

/* Begin PBXFrameworksBuildPhase section */
		4C0A53C512FE435200318BBD /* Frameworks */ = {
			isa = PBXFrameworksBuildPhase;
			buildActionMask = 2147483647;
			files = (
				4C0A53E812FE43B100318BBD /* GHUnit.framework in Frameworks */,
				4C0A53CC12FE435200318BBD /* Cocoa.framework in Frameworks */,
				4C0A540412FE469100318BBD /* ScriptingBridge.framework in Frameworks */,
				4C0A540512FE469100318BBD /* Foundation.framework in Frameworks */,
				4C0A540612FE469100318BBD /* AppKit.framework in Frameworks */,
				4C0A540712FE469100318BBD /* CoreServices.framework in Frameworks */,
				4C0A540812FE469100318BBD /* SystemConfiguration.framework in Frameworks */,
				4C0A540A12FE469C00318BBD /* libxml2.2.dylib in Frameworks */,
				4C0A540B12FE469C00318BBD /* libz.1.2.3.dylib in Frameworks */,
			);
			runOnlyForDeploymentPostprocessing = 0;
		};
		8D11072E0486CEB800E47090 /* Frameworks */ = {
			isa = PBXFrameworksBuildPhase;
			buildActionMask = 2147483647;
			files = (
				4C0DD46312E27997005670A2 /* Foundation.framework in Frameworks */,
				4C0DD46712E279AB005670A2 /* AppKit.framework in Frameworks */,
				4C0DD46B12E28120005670A2 /* ScriptingBridge.framework in Frameworks */,
				4C51169412F9168D00B0F694 /* CoreServices.framework in Frameworks */,
				4C51169612F916A200B0F694 /* libxml2.2.dylib in Frameworks */,
				4C51169812F916A200B0F694 /* libz.1.2.3.dylib in Frameworks */,
				4C5116B312F9173E00B0F694 /* SystemConfiguration.framework in Frameworks */,
				4C0A540912FE469400318BBD /* Cocoa.framework in Frameworks */,
			);
			runOnlyForDeploymentPostprocessing = 0;
		};
/* End PBXFrameworksBuildPhase section */

/* Begin PBXGroup section */
		080E96DDFE201D6D7F000001 /* Classes */ = {
			isa = PBXGroup;
			children = (
				4C0A53F012FE447500318BBD /* Models */,
				256AC3D80F4B6AC300CF3369 /* LyricFinderAppDelegate.h */,
				256AC3D90F4B6AC300CF3369 /* LyricFinderAppDelegate.m */,
				4C0DD48512E28183005670A2 /* Controller.h */,
				4C0DD48612E28183005670A2 /* Controller.m */,
				4C33E2A912E3BBDF00EB2080 /* LyricRequest.h */,
				4C33E2AA12E3BBDF00EB2080 /* LyricRequest.m */,
			);
			name = Classes;
			sourceTree = "<group>";
		};
		19C28FACFE9D520D11CA2CBB /* Products */ = {
			isa = PBXGroup;
			children = (
				8D1107320486CEB800E47090 /* Lyric Finder.app */,
			);
			name = Products;
			sourceTree = "<group>";
		};
		29B97314FDCFA39411CA2CEA /* Lyrical */ = {
			isa = PBXGroup;
			children = (
				4C0A53E712FE43B100318BBD /* GHUnit.framework */,
				29B97317FDCFA39411CA2CEA /* Resources */,
				080E96DDFE201D6D7F000001 /* Classes */,
				4C5EE79712FE1DE1005B33B3 /* Tests */,
				29B97315FDCFA39411CA2CEA /* Other Stuff */,
			);
			name = Lyrical;
			sourceTree = "<group>";
		};
		29B97315FDCFA39411CA2CEA /* Other Stuff */ = {
			isa = PBXGroup;
			children = (
				4C0A53EB12FE43E400318BBD /* Testing Support */,
				4C5115A012F9158400B0F694 /* Dependencies */,
				29B97316FDCFA39411CA2CEA /* main.m */,
				4C332AD212FA224E00651F67 /* ColorLog.m */,
				4C332AD312FA224E00651F67 /* ColorLog.h */,
				256AC3F00F4B6AF500CF3369 /* Lyric Finder_Prefix.pch */,
				29B97323FDCFA39411CA2CEA /* Frameworks */,
				19C28FACFE9D520D11CA2CBB /* Products */,
			);
			name = "Other Stuff";
			sourceTree = "<group>";
		};
		29B97317FDCFA39411CA2CEA /* Resources */ = {
			isa = PBXGroup;
			children = (
				4CA670AB12FF435700331383 /* RatingRequest.png */,
				8D1107310486CEB800E47090 /* Lyric Finder-Info.plist */,
				089C165CFE840E0CC02AAC07 /* InfoPlist.strings */,
				1DDD58140DA1D0A300B32029 /* MainMenu.xib */,
				4C33E47812E4A5D600EB2080 /* Icon.icns */,
				4C33E44D12E4A0DB00EB2080 /* background.png */,
				4CE1AE8712FB67BA00B742D5 /* start.png */,
				4CE1AE8812FB67BA00B742D5 /* start_pressed.png */,
				4CE1AE8912FB67BA00B742D5 /* start_hover.png */,
			);
			name = Resources;
			sourceTree = "<group>";
		};
		29B97323FDCFA39411CA2CEA /* Frameworks */ = {
			isa = PBXGroup;
			children = (
				4C0DD46A12E28120005670A2 /* ScriptingBridge.framework */,
				4C0DD46212E27997005670A2 /* Foundation.framework */,
				4C0DD46612E279AB005670A2 /* AppKit.framework */,
				4C51169312F9168D00B0F694 /* CoreServices.framework */,
				4C51169512F916A200B0F694 /* libxml2.2.dylib */,
				4C51169712F916A200B0F694 /* libz.1.2.3.dylib */,
				4C5116B212F9173E00B0F694 /* SystemConfiguration.framework */,
				4C13E86512FE0D3000EE41B5 /* Cocoa.framework */,
			);
			name = Frameworks;
			sourceTree = "<group>";
		};
		4C0A53CA12FE435200318BBD /* Frameworks */ = {
			isa = PBXGroup;
			children = (
				4C0A53CB12FE435200318BBD /* Cocoa.framework */,
				4C0A53CD12FE435200318BBD /* Other Frameworks */,
			);
			name = Frameworks;
			sourceTree = "<group>";
		};
		4C0A53CD12FE435200318BBD /* Other Frameworks */ = {
			isa = PBXGroup;
			children = (
				4C0A53CE12FE435200318BBD /* AppKit.framework */,
				4C0A53CF12FE435200318BBD /* CoreData.framework */,
				4C0A53D012FE435200318BBD /* Foundation.framework */,
			);
			name = "Other Frameworks";
			sourceTree = "<group>";
		};
		4C0A53D112FE435200318BBD /* Tests */ = {
			isa = PBXGroup;
			children = (
				4C0A53DD12FE435300318BBD /* TestsAppDelegate.h */,
				4C0A53DE12FE435300318BBD /* TestsAppDelegate.m */,
				4C0A53E012FE435300318BBD /* MainMenu.xib */,
				4C0A53D212FE435300318BBD /* Supporting Files */,
			);
			path = Tests;
			sourceTree = "<group>";
		};
		4C0A53D212FE435300318BBD /* Supporting Files */ = {
			isa = PBXGroup;
			children = (
				4C0A53D312FE435300318BBD /* Tests-Info.plist */,
				4C0A53D412FE435300318BBD /* InfoPlist.strings */,
				4C0A53ED12FE440900318BBD /* GHUnitTestMain.m */,
				4C0A53D712FE435300318BBD /* Tests-Prefix.pch */,
				4C0A53DA12FE435300318BBD /* Credits.rtf */,
			);
			name = "Supporting Files";
			sourceTree = "<group>";
		};
		4C0A53EB12FE43E400318BBD /* Testing Support */ = {
			isa = PBXGroup;
			children = (
				4C0A53C812FE435200318BBD /* Tests.app */,
				4C0A53D112FE435200318BBD /* Tests */,
				4C0A53CA12FE435200318BBD /* Frameworks */,
			);
			name = "Testing Support";
			sourceTree = "<group>";
		};
		4C0A53F012FE447500318BBD /* Models */ = {
			isa = PBXGroup;
			children = (
				4C0DD46112E27973005670A2 /* iTunes.h */,
				4C5116B812F9177800B0F694 /* LyricDownloader.h */,
				4C5116B912F9177800B0F694 /* LyricDownloader.m */,
				4C334D7512FE521000AB2089 /* LyricSite.h */,
				4C334D7112FE51FE00AB2089 /* LyricWiki.h */,
				4C334D7212FE51FE00AB2089 /* LyricWiki.m */,
				4CD43A9812FE691200C7DF0C /* Bing.h */,
				4CD43A9912FE691300C7DF0C /* Bing.m */,
				4CE3B86B12FF06B9009383A0 /* LyricsMode.h */,
				4CE3B86C12FF06B9009383A0 /* LyricsMode.m */,
				4C8852EB12FE621C002B6586 /* LyricsDotCom.h */,
				4C8852EC12FE621C002B6586 /* LyricsDotCom.m */,
				4C49EFC312FE7B4C008DB421 /* HindiLyrix.h */,
				4C49EFC412FE7B4C008DB421 /* HindiLyrix.m */,
				4C8852EF12FE655C002B6586 /* HeuristicScraper.h */,
				4C8852F012FE655E002B6586 /* HeuristicScraper.m */,
				4CE1AED212FB774200B742D5 /* NSString+LyricFinder.h */,
				4CE1AED312FB774200B742D5 /* NSString+LyricFinder.m */,
			);
			name = Models;
			sourceTree = "<group>";
		};
		4C5115A012F9158400B0F694 /* Dependencies */ = {
			isa = PBXGroup;
			children = (
				4C51169912F916B400B0F694 /* RegexKitLite.h */,
				4C51169A12F916B400B0F694 /* RegexKitLite.m */,
				4C5115A312F9159600B0F694 /* TouchJSON */,
				4C5115A212F9158F00B0F694 /* HTMLParser */,
				4C5115A112F9158A00B0F694 /* ASIHTTPRequest */,
			);
			name = Dependencies;
			sourceTree = "<group>";
		};
		4C5115A112F9158A00B0F694 /* ASIHTTPRequest */ = {
			isa = PBXGroup;
			children = (
				4C51167212F915DD00B0F694 /* ASICacheDelegate.h */,
				4C51167312F915DD00B0F694 /* ASIDataCompressor.h */,
				4C51167412F915DD00B0F694 /* ASIDataCompressor.m */,
				4C51167512F915DD00B0F694 /* ASIDataDecompressor.h */,
				4C51167612F915DD00B0F694 /* ASIDataDecompressor.m */,
				4C51167712F915DD00B0F694 /* ASIDownloadCache.h */,
				4C51167812F915DD00B0F694 /* ASIDownloadCache.m */,
				4C51167912F915DD00B0F694 /* ASIFormDataRequest.h */,
				4C51167A12F915DD00B0F694 /* ASIFormDataRequest.m */,
				4C51167B12F915DD00B0F694 /* ASIHTTPRequest.h */,
				4C51167C12F915DD00B0F694 /* ASIHTTPRequest.m */,
				4C51167D12F915DD00B0F694 /* ASIHTTPRequestConfig.h */,
				4C51167E12F915DD00B0F694 /* ASIHTTPRequestDelegate.h */,
				4C51167F12F915DD00B0F694 /* ASIInputStream.h */,
				4C51168012F915DD00B0F694 /* ASIInputStream.m */,
				4C51168112F915DD00B0F694 /* ASINetworkQueue.h */,
				4C51168212F915DD00B0F694 /* ASINetworkQueue.m */,
				4C51168312F915DD00B0F694 /* ASIProgressDelegate.h */,
			);
			name = ASIHTTPRequest;
			sourceTree = "<group>";
		};
		4C5115A212F9158F00B0F694 /* HTMLParser */ = {
			isa = PBXGroup;
			children = (
				4C51168D12F9160F00B0F694 /* HTMLNode.h */,
				4C51168E12F9160F00B0F694 /* HTMLNode.m */,
				4C51168F12F9160F00B0F694 /* HTMLParser.h */,
				4C51169012F9160F00B0F694 /* HTMLParser.m */,
			);
			name = HTMLParser;
			sourceTree = "<group>";
		};
		4C5115A312F9159600B0F694 /* TouchJSON */ = {
			isa = PBXGroup;
			children = (
				4C51168C12F9160500B0F694 /* JSONRepresentation.h */,
				4C51166012F915C500B0F694 /* CDataScanner_Extensions.h */,
				4C51166112F915C500B0F694 /* CDataScanner_Extensions.m */,
				4C51166212F915C500B0F694 /* CDataScanner.h */,
				4C51166312F915C500B0F694 /* CDataScanner.m */,
				4C51166412F915C500B0F694 /* CJSONDeserializer.h */,
				4C51166512F915C500B0F694 /* CJSONDeserializer.m */,
				4C51166612F915C500B0F694 /* CJSONScanner.h */,
				4C51166712F915C500B0F694 /* CJSONScanner.m */,
				4C51166812F915C500B0F694 /* CJSONSerializer.h */,
				4C51166912F915C500B0F694 /* CJSONSerializer.m */,
				4C51166A12F915C500B0F694 /* NSDictionary_JSONExtensions.h */,
				4C51166B12F915C500B0F694 /* NSDictionary_JSONExtensions.m */,
			);
			name = TouchJSON;
			sourceTree = "<group>";
		};
		4C5EE79712FE1DE1005B33B3 /* Tests */ = {
			isa = PBXGroup;
			children = (
				4C5EE79E12FE1DE1005B33B3 /* Tests.h */,
				4C5EE7A012FE1DE1005B33B3 /* Tests.m */,
			);
			path = Tests;
			sourceTree = "<group>";
		};
/* End PBXGroup section */

/* Begin PBXNativeTarget section */
		4C0A53C712FE435200318BBD /* Tests */ = {
			isa = PBXNativeTarget;
			buildConfigurationList = 4C0A53E312FE435300318BBD /* Build configuration list for PBXNativeTarget "Tests" */;
			buildPhases = (
				4C0A53C412FE435200318BBD /* Sources */,
				4C0A53C512FE435200318BBD /* Frameworks */,
				4C0A53C612FE435200318BBD /* Resources */,
			);
			buildRules = (
			);
			dependencies = (
				4C0A53EA12FE43BB00318BBD /* PBXTargetDependency */,
			);
			name = Tests;
			productName = Tests;
			productReference = 4C0A53C812FE435200318BBD /* Tests.app */;
			productType = "com.apple.product-type.application";
		};
		8D1107260486CEB800E47090 /* Lyric Finder */ = {
			isa = PBXNativeTarget;
			buildConfigurationList = C01FCF4A08A954540054247B /* Build configuration list for PBXNativeTarget "Lyric Finder" */;
			buildPhases = (
				8D1107290486CEB800E47090 /* Resources */,
				8D11072C0486CEB800E47090 /* Sources */,
				8D11072E0486CEB800E47090 /* Frameworks */,
			);
			buildRules = (
			);
			dependencies = (
			);
			name = "Lyric Finder";
			productInstallPath = "$(HOME)/Applications";
			productName = Lyrical;
			productReference = 8D1107320486CEB800E47090 /* Lyric Finder.app */;
			productType = "com.apple.product-type.application";
		};
/* End PBXNativeTarget section */

/* Begin PBXProject section */
		29B97313FDCFA39411CA2CEA /* Project object */ = {
			isa = PBXProject;
			buildConfigurationList = C01FCF4E08A954540054247B /* Build configuration list for PBXProject "Lyric Finder" */;
			compatibilityVersion = "Xcode 3.1";
			developmentRegion = English;
			hasScannedForEncodings = 1;
			knownRegions = (
				English,
				Japanese,
				French,
				German,
				en,
			);
			mainGroup = 29B97314FDCFA39411CA2CEA /* Lyrical */;
			productRefGroup = 29B97314FDCFA39411CA2CEA /* Lyrical */;
			projectDirPath = "";
			projectRoot = "";
			targets = (
				8D1107260486CEB800E47090 /* Lyric Finder */,
				4C0A53C712FE435200318BBD /* Tests */,
			);
		};
/* End PBXProject section */

/* Begin PBXResourcesBuildPhase section */
		4C0A53C612FE435200318BBD /* Resources */ = {
			isa = PBXResourcesBuildPhase;
			buildActionMask = 2147483647;
			files = (
				4C0A53D612FE435300318BBD /* InfoPlist.strings in Resources */,
				4C0A53DC12FE435300318BBD /* Credits.rtf in Resources */,
				4C0A53E212FE435300318BBD /* MainMenu.xib in Resources */,
			);
			runOnlyForDeploymentPostprocessing = 0;
		};
		8D1107290486CEB800E47090 /* Resources */ = {
			isa = PBXResourcesBuildPhase;
			buildActionMask = 2147483647;
			files = (
				8D11072B0486CEB800E47090 /* InfoPlist.strings in Resources */,
				1DDD58160DA1D0A300B32029 /* MainMenu.xib in Resources */,
				4C33E44E12E4A0DB00EB2080 /* background.png in Resources */,
				4C33E47912E4A5D600EB2080 /* Icon.icns in Resources */,
				4CE1AE8A12FB67BA00B742D5 /* start.png in Resources */,
				4CE1AE8B12FB67BA00B742D5 /* start_pressed.png in Resources */,
				4CE1AE8C12FB67BA00B742D5 /* start_hover.png in Resources */,
				4CA670AC12FF435700331383 /* RatingRequest.png in Resources */,
			);
			runOnlyForDeploymentPostprocessing = 0;
		};
/* End PBXResourcesBuildPhase section */

/* Begin PBXSourcesBuildPhase section */
		4C0A53C412FE435200318BBD /* Sources */ = {
			isa = PBXSourcesBuildPhase;
			buildActionMask = 2147483647;
			files = (
				4C0A53DF12FE435300318BBD /* TestsAppDelegate.m in Sources */,
				4C0A53EF12FE440900318BBD /* GHUnitTestMain.m in Sources */,
				4C0A53F112FE448D00318BBD /* LyricRequest.m in Sources */,
				4C0A53F212FE449000318BBD /* LyricDownloader.m in Sources */,
				4C0A53F312FE459400318BBD /* ColorLog.m in Sources */,
				4C0A53F412FE45F400318BBD /* RegexKitLite.m in Sources */,
				4C0A53F512FE45F400318BBD /* CDataScanner_Extensions.m in Sources */,
				4C0A53F612FE45F400318BBD /* CDataScanner.m in Sources */,
				4C0A53F712FE45F400318BBD /* CJSONDeserializer.m in Sources */,
				4C0A53F812FE45F400318BBD /* CJSONScanner.m in Sources */,
				4C0A53F912FE45F400318BBD /* CJSONSerializer.m in Sources */,
				4C0A53FA12FE45F400318BBD /* NSDictionary_JSONExtensions.m in Sources */,
				4C0A53FB12FE460100318BBD /* HTMLNode.m in Sources */,
				4C0A53FC12FE460100318BBD /* HTMLParser.m in Sources */,
				4C0A53FD12FE460100318BBD /* ASIDataCompressor.m in Sources */,
				4C0A53FE12FE460100318BBD /* ASIDataDecompressor.m in Sources */,
				4C0A53FF12FE460100318BBD /* ASIDownloadCache.m in Sources */,
				4C0A540012FE460100318BBD /* ASIFormDataRequest.m in Sources */,
				4C0A540112FE460100318BBD /* ASIHTTPRequest.m in Sources */,
				4C0A540212FE460100318BBD /* ASIInputStream.m in Sources */,
				4C0A540312FE460100318BBD /* ASINetworkQueue.m in Sources */,
				4C334D6C12FE4A3200AB2089 /* Tests.m in Sources */,
				4C334D7412FE51FE00AB2089 /* LyricWiki.m in Sources */,
				4C8852EA12FE5827002B6586 /* NSString+LyricFinder.m in Sources */,
				4C8852EE12FE621D002B6586 /* LyricsDotCom.m in Sources */,
				4C8852F212FE6562002B6586 /* HeuristicScraper.m in Sources */,
				4CD43A9B12FE691300C7DF0C /* Bing.m in Sources */,
				4C49EFC612FE7B55008DB421 /* HindiLyrix.m in Sources */,
				4CE3B86E12FF0959009383A0 /* LyricsMode.m in Sources */,
			);
			runOnlyForDeploymentPostprocessing = 0;
		};
		8D11072C0486CEB800E47090 /* Sources */ = {
			isa = PBXSourcesBuildPhase;
			buildActionMask = 2147483647;
			files = (
				8D11072D0486CEB800E47090 /* main.m in Sources */,
				256AC3DA0F4B6AC300CF3369 /* LyricFinderAppDelegate.m in Sources */,
				4C0DD48712E28183005670A2 /* Controller.m in Sources */,
				4C33E2AB12E3BBDF00EB2080 /* LyricRequest.m in Sources */,
				4C51166C12F915C500B0F694 /* CDataScanner_Extensions.m in Sources */,
				4C51166D12F915C500B0F694 /* CDataScanner.m in Sources */,
				4C51166E12F915C500B0F694 /* CJSONDeserializer.m in Sources */,
				4C51166F12F915C500B0F694 /* CJSONScanner.m in Sources */,
				4C51167012F915C500B0F694 /* CJSONSerializer.m in Sources */,
				4C51167112F915C500B0F694 /* NSDictionary_JSONExtensions.m in Sources */,
				4C51168412F915DD00B0F694 /* ASIDataCompressor.m in Sources */,
				4C51168512F915DD00B0F694 /* ASIDataDecompressor.m in Sources */,
				4C51168612F915DD00B0F694 /* ASIDownloadCache.m in Sources */,
				4C51168712F915DD00B0F694 /* ASIFormDataRequest.m in Sources */,
				4C51168812F915DD00B0F694 /* ASIHTTPRequest.m in Sources */,
				4C51168912F915DD00B0F694 /* ASIInputStream.m in Sources */,
				4C51168A12F915DD00B0F694 /* ASINetworkQueue.m in Sources */,
				4C51169112F9160F00B0F694 /* HTMLNode.m in Sources */,
				4C51169212F9160F00B0F694 /* HTMLParser.m in Sources */,
				4C51169B12F916B400B0F694 /* RegexKitLite.m in Sources */,
				4C5116BA12F9177800B0F694 /* LyricDownloader.m in Sources */,
				4C332AD412FA224E00651F67 /* ColorLog.m in Sources */,
				4CE1AED412FB774200B742D5 /* NSString+LyricFinder.m in Sources */,
				4C334D7312FE51FE00AB2089 /* LyricWiki.m in Sources */,
				4C8852ED12FE621D002B6586 /* LyricsDotCom.m in Sources */,
				4C8852F112FE6562002B6586 /* HeuristicScraper.m in Sources */,
				4CD43A9A12FE691300C7DF0C /* Bing.m in Sources */,
				4C49EFC512FE7B4C008DB421 /* HindiLyrix.m in Sources */,
				4CE3B86D12FF06B9009383A0 /* LyricsMode.m in Sources */,
			);
			runOnlyForDeploymentPostprocessing = 0;
		};
/* End PBXSourcesBuildPhase section */

/* Begin PBXTargetDependency section */
		4C0A53EA12FE43BB00318BBD /* PBXTargetDependency */ = {
			isa = PBXTargetDependency;
			target = 8D1107260486CEB800E47090 /* Lyric Finder */;
			targetProxy = 4C0A53E912FE43BB00318BBD /* PBXContainerItemProxy */;
		};
/* End PBXTargetDependency section */

/* Begin PBXVariantGroup section */
		089C165CFE840E0CC02AAC07 /* InfoPlist.strings */ = {
			isa = PBXVariantGroup;
			children = (
				089C165DFE840E0CC02AAC07 /* English */,
			);
			name = InfoPlist.strings;
			sourceTree = "<group>";
		};
		1DDD58140DA1D0A300B32029 /* MainMenu.xib */ = {
			isa = PBXVariantGroup;
			children = (
				1DDD58150DA1D0A300B32029 /* English */,
			);
			name = MainMenu.xib;
			sourceTree = "<group>";
		};
		4C0A53D412FE435300318BBD /* InfoPlist.strings */ = {
			isa = PBXVariantGroup;
			children = (
				4C0A53D512FE435300318BBD /* en */,
			);
			name = InfoPlist.strings;
			sourceTree = "<group>";
		};
		4C0A53DA12FE435300318BBD /* Credits.rtf */ = {
			isa = PBXVariantGroup;
			children = (
				4C0A53DB12FE435300318BBD /* en */,
			);
			name = Credits.rtf;
			sourceTree = "<group>";
		};
		4C0A53E012FE435300318BBD /* MainMenu.xib */ = {
			isa = PBXVariantGroup;
			children = (
				4C0A53E112FE435300318BBD /* en */,
			);
			name = MainMenu.xib;
			sourceTree = "<group>";
		};
/* End PBXVariantGroup section */

/* Begin XCBuildConfiguration section */
		4C0A53E412FE435300318BBD /* Debug */ = {
			isa = XCBuildConfiguration;
			buildSettings = {
				ALWAYS_SEARCH_USER_PATHS = NO;
				COPY_PHASE_STRIP = NO;
				GCC_DYNAMIC_NO_PIC = NO;
				GCC_ENABLE_OBJC_EXCEPTIONS = YES;
				GCC_PRECOMPILE_PREFIX_HEADER = YES;
				GCC_PREFIX_HEADER = "Tests/Tests-Prefix.pch";
				GCC_PREPROCESSOR_DEFINITIONS = DEBUG;
				GCC_VERSION = com.apple.compilers.llvm.clang.1_0;
				GCC_WARN_64_TO_32_BIT_CONVERSION = YES;
				INFOPLIST_FILE = "Tests/Tests-Info.plist";
				PRODUCT_NAME = "$(TARGET_NAME)";
				SDKROOT = macosx;
				WRAPPER_EXTENSION = app;
			};
			name = Debug;
		};
		4C0A53E512FE435300318BBD /* Release */ = {
			isa = XCBuildConfiguration;
			buildSettings = {
				ALWAYS_SEARCH_USER_PATHS = NO;
				COPY_PHASE_STRIP = YES;
				DEBUG_INFORMATION_FORMAT = "dwarf-with-dsym";
				GCC_ENABLE_OBJC_EXCEPTIONS = YES;
				GCC_PRECOMPILE_PREFIX_HEADER = YES;
				GCC_PREFIX_HEADER = "Tests/Tests-Prefix.pch";
				GCC_VERSION = com.apple.compilers.llvm.clang.1_0;
				GCC_WARN_64_TO_32_BIT_CONVERSION = YES;
				INFOPLIST_FILE = "Tests/Tests-Info.plist";
				PRODUCT_NAME = "$(TARGET_NAME)";
				SDKROOT = macosx;
				WRAPPER_EXTENSION = app;
			};
			name = Release;
		};
		4C0A53E612FE435300318BBD /* App Store */ = {
			isa = XCBuildConfiguration;
			buildSettings = {
				ALWAYS_SEARCH_USER_PATHS = NO;
				COPY_PHASE_STRIP = YES;
				DEBUG_INFORMATION_FORMAT = "dwarf-with-dsym";
				GCC_ENABLE_OBJC_EXCEPTIONS = YES;
				GCC_PRECOMPILE_PREFIX_HEADER = YES;
				GCC_PREFIX_HEADER = "Tests/Tests-Prefix.pch";
				GCC_VERSION = com.apple.compilers.llvm.clang.1_0;
				GCC_WARN_64_TO_32_BIT_CONVERSION = YES;
				INFOPLIST_FILE = "Tests/Tests-Info.plist";
				PRODUCT_NAME = "$(TARGET_NAME)";
				SDKROOT = macosx;
				WRAPPER_EXTENSION = app;
			};
			name = "App Store";
		};
		4C33E49712E4AA6200EB2080 /* App Store */ = {
			isa = XCBuildConfiguration;
			buildSettings = {
				ARCHS = "$(ARCHS_STANDARD_32_64_BIT)";
				DEBUG_INFORMATION_FORMAT = "dwarf-with-dsym";
				GCC_C_LANGUAGE_STANDARD = gnu99;
				GCC_WARN_ABOUT_RETURN_TYPE = YES;
				GCC_WARN_UNUSED_VARIABLE = YES;
				HEADER_SEARCH_PATHS = "/usr/include/libxml2/**";
				MACOSX_DEPLOYMENT_TARGET = 10.6;
				OTHER_LDFLAGS = "-licucore";
				PREBINDING = NO;
				SDKROOT = macosx10.6;
				VALID_ARCHS = "i386 x86_64";
			};
			name = "App Store";
		};
		4C33E49812E4AA6200EB2080 /* App Store */ = {
			isa = XCBuildConfiguration;
			buildSettings = {
				ALWAYS_SEARCH_USER_PATHS = NO;
				ARCHS = "$(ARCHS_STANDARD_32_64_BIT)";
				CODE_SIGN_IDENTITY = "3rd Party Mac Developer Application: Lateral Communications, Inc.";
				DEBUG_INFORMATION_FORMAT = "dwarf-with-dsym";
				GCC_MODEL_TUNING = G5;
				GCC_PRECOMPILE_PREFIX_HEADER = YES;
				GCC_PREFIX_HEADER = "Lyric Finder_Prefix.pch";
				HEADER_SEARCH_PATHS = "/usr/include/libxml2/**";
				INFOPLIST_FILE = "Lyric Finder-Info.plist";
				INSTALL_PATH = "$(HOME)/Applications";
				OTHER_LDFLAGS = "-licucore";
				PRODUCT_NAME = "Lyric Finder";
			};
			name = "App Store";
		};
		C01FCF4B08A954540054247B /* Debug */ = {
			isa = XCBuildConfiguration;
			buildSettings = {
				ALWAYS_SEARCH_USER_PATHS = NO;
				COPY_PHASE_STRIP = NO;
				GCC_DYNAMIC_NO_PIC = NO;
				GCC_ENABLE_FIX_AND_CONTINUE = YES;
				GCC_MODEL_TUNING = G5;
				GCC_OPTIMIZATION_LEVEL = 0;
				GCC_PRECOMPILE_PREFIX_HEADER = YES;
				GCC_PREFIX_HEADER = "Lyric Finder_Prefix.pch";
				HEADER_SEARCH_PATHS = "/usr/include/libxml2/**";
				INFOPLIST_FILE = "Lyric Finder-Info.plist";
				INSTALL_PATH = "$(HOME)/Applications";
				OTHER_LDFLAGS = "-licucore";
				PRODUCT_NAME = "Lyric Finder";
			};
			name = Debug;
		};
		C01FCF4C08A954540054247B /* Release */ = {
			isa = XCBuildConfiguration;
			buildSettings = {
				ALWAYS_SEARCH_USER_PATHS = NO;
				DEBUG_INFORMATION_FORMAT = "dwarf-with-dsym";
				GCC_MODEL_TUNING = G5;
				GCC_PRECOMPILE_PREFIX_HEADER = YES;
				GCC_PREFIX_HEADER = "Lyric Finder_Prefix.pch";
				HEADER_SEARCH_PATHS = "/usr/include/libxml2/**";
				INFOPLIST_FILE = "Lyric Finder-Info.plist";
				INSTALL_PATH = "$(HOME)/Applications";
				OTHER_LDFLAGS = "-licucore";
				PRODUCT_NAME = "Lyric Finder";
			};
			name = Release;
		};
		C01FCF4F08A954540054247B /* Debug */ = {
			isa = XCBuildConfiguration;
			buildSettings = {
				ARCHS = "$(ARCHS_STANDARD_32_64_BIT)";
				CODE_SIGN_IDENTITY = "Don't Code Sign";
				GCC_C_LANGUAGE_STANDARD = gnu99;
				GCC_OPTIMIZATION_LEVEL = 0;
				GCC_PREPROCESSOR_DEFINITIONS = "DEBUG=1";
				GCC_WARN_ABOUT_RETURN_TYPE = YES;
				GCC_WARN_UNUSED_VARIABLE = YES;
				HEADER_SEARCH_PATHS = "/usr/include/libxml2/**";
				MACOSX_DEPLOYMENT_TARGET = 10.6;
				ONLY_ACTIVE_ARCH = YES;
				OTHER_LDFLAGS = "-licucore";
				PREBINDING = NO;
				SDKROOT = macosx10.6;
			};
			name = Debug;
		};
		C01FCF5008A954540054247B /* Release */ = {
			isa = XCBuildConfiguration;
			buildSettings = {
				ARCHS = "$(ARCHS_STANDARD_32_64_BIT)";
				GCC_C_LANGUAGE_STANDARD = gnu99;
				GCC_WARN_ABOUT_RETURN_TYPE = YES;
				GCC_WARN_UNUSED_VARIABLE = YES;
				HEADER_SEARCH_PATHS = "/usr/include/libxml2/**";
				MACOSX_DEPLOYMENT_TARGET = 10.6;
				OTHER_LDFLAGS = "-licucore";
				PREBINDING = NO;
				SDKROOT = macosx10.6;
			};
			name = Release;
		};
/* End XCBuildConfiguration section */

/* Begin XCConfigurationList section */
		4C0A53E312FE435300318BBD /* Build configuration list for PBXNativeTarget "Tests" */ = {
			isa = XCConfigurationList;
			buildConfigurations = (
				4C0A53E412FE435300318BBD /* Debug */,
				4C0A53E512FE435300318BBD /* Release */,
				4C0A53E612FE435300318BBD /* App Store */,
			);
			defaultConfigurationIsVisible = 0;
			defaultConfigurationName = Release;
		};
		C01FCF4A08A954540054247B /* Build configuration list for PBXNativeTarget "Lyric Finder" */ = {
			isa = XCConfigurationList;
			buildConfigurations = (
				C01FCF4B08A954540054247B /* Debug */,
				C01FCF4C08A954540054247B /* Release */,
				4C33E49812E4AA6200EB2080 /* App Store */,
			);
			defaultConfigurationIsVisible = 0;
			defaultConfigurationName = Release;
		};
		C01FCF4E08A954540054247B /* Build configuration list for PBXProject "Lyric Finder" */ = {
			isa = XCConfigurationList;
			buildConfigurations = (
				C01FCF4F08A954540054247B /* Debug */,
				C01FCF5008A954540054247B /* Release */,
				4C33E49712E4AA6200EB2080 /* App Store */,
			);
			defaultConfigurationIsVisible = 0;
			defaultConfigurationName = Release;
		};
/* End XCConfigurationList section */
	};
	rootObject = 29B97313FDCFA39411CA2CEA /* Project object */;
}
